// !$*UTF8*$!
{
	archiveVersion = 1;
	classes = {
	};
	objectVersion = 56;
	objects = {

/* Begin PBXBuildFile section */
		BF57622B29992B7A00E469A6 /* ActionButtonModel.swift in Sources */ = {isa = PBXBuildFile; fileRef = BF57622A29992B7A00E469A6 /* ActionButtonModel.swift */; };
		BF7D40392997E4E500F83B7D /* ButtonsArrayCell.swift in Sources */ = {isa = PBXBuildFile; fileRef = BF7D40372997E4E500F83B7D /* ButtonsArrayCell.swift */; };
		BF7D403A2997E4E500F83B7D /* ButtonsArrayCell.xib in Resources */ = {isa = PBXBuildFile; fileRef = BF7D40382997E4E500F83B7D /* ButtonsArrayCell.xib */; };
		BF7D403D2997F01900F83B7D /* ButtonCell.swift in Sources */ = {isa = PBXBuildFile; fileRef = BF7D403B2997F01900F83B7D /* ButtonCell.swift */; };
		BF7D403E2997F01900F83B7D /* ButtonCell.xib in Resources */ = {isa = PBXBuildFile; fileRef = BF7D403C2997F01900F83B7D /* ButtonCell.xib */; };
		BF7D40432998191200F83B7D /* Model.swift in Sources */ = {isa = PBXBuildFile; fileRef = BF7D40422998191200F83B7D /* Model.swift */; };
		BF8A28882997877C00EEC398 /* TraineeVCDelegate.swift in Sources */ = {isa = PBXBuildFile; fileRef = BF8A28872997877C00EEC398 /* TraineeVCDelegate.swift */; };
		BF8A288C2997A4A200EEC398 /* Constants.swift in Sources */ = {isa = PBXBuildFile; fileRef = BF8A288B2997A4A200EEC398 /* Constants.swift */; };
		BF8A28942997AEF400EEC398 /* HeaderCell.swift in Sources */ = {isa = PBXBuildFile; fileRef = BF8A28922997AEF400EEC398 /* HeaderCell.swift */; };
		BF8A28952997AEF400EEC398 /* HeaderCell.xib in Resources */ = {isa = PBXBuildFile; fileRef = BF8A28932997AEF400EEC398 /* HeaderCell.xib */; };
		BF8A28992997B2CA00EEC398 /* DescriptionCell.swift in Sources */ = {isa = PBXBuildFile; fileRef = BF8A28972997B2CA00EEC398 /* DescriptionCell.swift */; };
		BF8A289A2997B2CA00EEC398 /* DescriptionCell.xib in Resources */ = {isa = PBXBuildFile; fileRef = BF8A28982997B2CA00EEC398 /* DescriptionCell.xib */; };
		BF8A289C2997B6C900EEC398 /* ActionButton.swift in Sources */ = {isa = PBXBuildFile; fileRef = BF8A289B2997B6C900EEC398 /* ActionButton.swift */; };
		BF8C58CD2998E544002580FE /* CoursesCell.swift in Sources */ = {isa = PBXBuildFile; fileRef = BF8C58CB2998E544002580FE /* CoursesCell.swift */; };
		BF8C58CE2998E544002580FE /* CoursesCell.xib in Resources */ = {isa = PBXBuildFile; fileRef = BF8C58CC2998E544002580FE /* CoursesCell.xib */; };
		BF8C58D02998F910002580FE /* SendButton.swift in Sources */ = {isa = PBXBuildFile; fileRef = BF8C58CF2998F910002580FE /* SendButton.swift */; };
		BF8C58D32998F9BD002580FE /* SendCell.swift in Sources */ = {isa = PBXBuildFile; fileRef = BF8C58D12998F9BD002580FE /* SendCell.swift */; };
		BF8C58D42998F9BD002580FE /* SendCell.xib in Resources */ = {isa = PBXBuildFile; fileRef = BF8C58D22998F9BD002580FE /* SendCell.xib */; };
		BF9DB660299578E400D5F7C2 /* AppDelegate.swift in Sources */ = {isa = PBXBuildFile; fileRef = BF9DB65F299578E400D5F7C2 /* AppDelegate.swift */; };
		BF9DB662299578E400D5F7C2 /* SceneDelegate.swift in Sources */ = {isa = PBXBuildFile; fileRef = BF9DB661299578E400D5F7C2 /* SceneDelegate.swift */; };
		BF9DB664299578E400D5F7C2 /* ViewController.swift in Sources */ = {isa = PBXBuildFile; fileRef = BF9DB663299578E400D5F7C2 /* ViewController.swift */; };
		BF9DB667299578E400D5F7C2 /* Main.storyboard in Resources */ = {isa = PBXBuildFile; fileRef = BF9DB665299578E400D5F7C2 /* Main.storyboard */; };
		BF9DB669299578E500D5F7C2 /* Assets.xcassets in Resources */ = {isa = PBXBuildFile; fileRef = BF9DB668299578E500D5F7C2 /* Assets.xcassets */; };
		BF9DB66C299578E500D5F7C2 /* LaunchScreen.storyboard in Resources */ = {isa = PBXBuildFile; fileRef = BF9DB66A299578E500D5F7C2 /* LaunchScreen.storyboard */; };
		BF9DB6742995791700D5F7C2 /* TraineeViewController.swift in Sources */ = {isa = PBXBuildFile; fileRef = BF9DB6732995791700D5F7C2 /* TraineeViewController.swift */; };
/* End PBXBuildFile section */

/* Begin PBXFileReference section */
		BF57622A29992B7A00E469A6 /* ActionButtonModel.swift */ = {isa = PBXFileReference; lastKnownFileType = sourcecode.swift; path = ActionButtonModel.swift; sourceTree = "<group>"; };
		BF7D40372997E4E500F83B7D /* ButtonsArrayCell.swift */ = {isa = PBXFileReference; lastKnownFileType = sourcecode.swift; path = ButtonsArrayCell.swift; sourceTree = "<group>"; };
		BF7D40382997E4E500F83B7D /* ButtonsArrayCell.xib */ = {isa = PBXFileReference; lastKnownFileType = file.xib; path = ButtonsArrayCell.xib; sourceTree = "<group>"; };
		BF7D403B2997F01900F83B7D /* ButtonCell.swift */ = {isa = PBXFileReference; lastKnownFileType = sourcecode.swift; path = ButtonCell.swift; sourceTree = "<group>"; };
		BF7D403C2997F01900F83B7D /* ButtonCell.xib */ = {isa = PBXFileReference; lastKnownFileType = file.xib; path = ButtonCell.xib; sourceTree = "<group>"; };
		BF7D40422998191200F83B7D /* Model.swift */ = {isa = PBXFileReference; lastKnownFileType = sourcecode.swift; path = Model.swift; sourceTree = "<group>"; };
		BF8A28872997877C00EEC398 /* TraineeVCDelegate.swift */ = {isa = PBXFileReference; lastKnownFileType = sourcecode.swift; path = TraineeVCDelegate.swift; sourceTree = "<group>"; };
		BF8A288B2997A4A200EEC398 /* Constants.swift */ = {isa = PBXFileReference; lastKnownFileType = sourcecode.swift; path = Constants.swift; sourceTree = "<group>"; };
		BF8A28922997AEF400EEC398 /* HeaderCell.swift */ = {isa = PBXFileReference; lastKnownFileType = sourcecode.swift; path = HeaderCell.swift; sourceTree = "<group>"; };
		BF8A28932997AEF400EEC398 /* HeaderCell.xib */ = {isa = PBXFileReference; lastKnownFileType = file.xib; path = HeaderCell.xib; sourceTree = "<group>"; };
		BF8A28972997B2CA00EEC398 /* DescriptionCell.swift */ = {isa = PBXFileReference; lastKnownFileType = sourcecode.swift; path = DescriptionCell.swift; sourceTree = "<group>"; };
		BF8A28982997B2CA00EEC398 /* DescriptionCell.xib */ = {isa = PBXFileReference; lastKnownFileType = file.xib; path = DescriptionCell.xib; sourceTree = "<group>"; };
		BF8A289B2997B6C900EEC398 /* ActionButton.swift */ = {isa = PBXFileReference; lastKnownFileType = sourcecode.swift; path = ActionButton.swift; sourceTree = "<group>"; };
		BF8C58CB2998E544002580FE /* CoursesCell.swift */ = {isa = PBXFileReference; lastKnownFileType = sourcecode.swift; path = CoursesCell.swift; sourceTree = "<group>"; };
		BF8C58CC2998E544002580FE /* CoursesCell.xib */ = {isa = PBXFileReference; lastKnownFileType = file.xib; path = CoursesCell.xib; sourceTree = "<group>"; };
		BF8C58CF2998F910002580FE /* SendButton.swift */ = {isa = PBXFileReference; lastKnownFileType = sourcecode.swift; path = SendButton.swift; sourceTree = "<group>"; };
		BF8C58D12998F9BD002580FE /* SendCell.swift */ = {isa = PBXFileReference; lastKnownFileType = sourcecode.swift; path = SendCell.swift; sourceTree = "<group>"; };
		BF8C58D22998F9BD002580FE /* SendCell.xib */ = {isa = PBXFileReference; lastKnownFileType = file.xib; path = SendCell.xib; sourceTree = "<group>"; };
		BF9DB65C299578E400D5F7C2 /* Feb2023Project.app */ = {isa = PBXFileReference; explicitFileType = wrapper.application; includeInIndex = 0; path = Feb2023Project.app; sourceTree = BUILT_PRODUCTS_DIR; };
		BF9DB65F299578E400D5F7C2 /* AppDelegate.swift */ = {isa = PBXFileReference; lastKnownFileType = sourcecode.swift; path = AppDelegate.swift; sourceTree = "<group>"; };
		BF9DB661299578E400D5F7C2 /* SceneDelegate.swift */ = {isa = PBXFileReference; lastKnownFileType = sourcecode.swift; path = SceneDelegate.swift; sourceTree = "<group>"; };
		BF9DB663299578E400D5F7C2 /* ViewController.swift */ = {isa = PBXFileReference; lastKnownFileType = sourcecode.swift; path = ViewController.swift; sourceTree = "<group>"; };
		BF9DB666299578E400D5F7C2 /* Base */ = {isa = PBXFileReference; lastKnownFileType = file.storyboard; name = Base; path = Base.lproj/Main.storyboard; sourceTree = "<group>"; };
		BF9DB668299578E500D5F7C2 /* Assets.xcassets */ = {isa = PBXFileReference; lastKnownFileType = folder.assetcatalog; path = Assets.xcassets; sourceTree = "<group>"; };
		BF9DB66B299578E500D5F7C2 /* Base */ = {isa = PBXFileReference; lastKnownFileType = file.storyboard; name = Base; path = Base.lproj/LaunchScreen.storyboard; sourceTree = "<group>"; };
		BF9DB66D299578E500D5F7C2 /* Info.plist */ = {isa = PBXFileReference; lastKnownFileType = text.plist.xml; path = Info.plist; sourceTree = "<group>"; };
		BF9DB6732995791700D5F7C2 /* TraineeViewController.swift */ = {isa = PBXFileReference; lastKnownFileType = sourcecode.swift; path = TraineeViewController.swift; sourceTree = "<group>"; };
/* End PBXFileReference section */

/* Begin PBXFrameworksBuildPhase section */
		BF9DB659299578E400D5F7C2 /* Frameworks */ = {
			isa = PBXFrameworksBuildPhase;
			buildActionMask = 2147483647;
			files = (
			);
			runOnlyForDeploymentPostprocessing = 0;
		};
/* End PBXFrameworksBuildPhase section */

/* Begin PBXGroup section */
		BF7D4041299818E700F83B7D /* Model */ = {
			isa = PBXGroup;
			children = (
				BF7D40422998191200F83B7D /* Model.swift */,
				BF57622A29992B7A00E469A6 /* ActionButtonModel.swift */,
			);
			path = Model;
			sourceTree = "<group>";
		};
		BF8A28892997A2B100EEC398 /* Controller */ = {
			isa = PBXGroup;
			children = (
				BF9DB663299578E400D5F7C2 /* ViewController.swift */,
				BF8A28872997877C00EEC398 /* TraineeVCDelegate.swift */,
				BF9DB6732995791700D5F7C2 /* TraineeViewController.swift */,
			);
			path = Controller;
			sourceTree = "<group>";
		};
		BF8A288D2997AC0E00EEC398 /* View */ = {
			isa = PBXGroup;
			children = (
				BF9DB665299578E400D5F7C2 /* Main.storyboard */,
				BF8A289B2997B6C900EEC398 /* ActionButton.swift */,
				BF8C58CF2998F910002580FE /* SendButton.swift */,
				BF8A28962997B0B500EEC398 /* Cells */,
			);
			path = View;
			sourceTree = "<group>";
		};
		BF8A28962997B0B500EEC398 /* Cells */ = {
			isa = PBXGroup;
			children = (
				BF8A28922997AEF400EEC398 /* HeaderCell.swift */,
				BF8A28932997AEF400EEC398 /* HeaderCell.xib */,
				BF8A28972997B2CA00EEC398 /* DescriptionCell.swift */,
				BF8A28982997B2CA00EEC398 /* DescriptionCell.xib */,
				BF7D40372997E4E500F83B7D /* ButtonsArrayCell.swift */,
				BF7D40382997E4E500F83B7D /* ButtonsArrayCell.xib */,
				BF7D403B2997F01900F83B7D /* ButtonCell.swift */,
				BF7D403C2997F01900F83B7D /* ButtonCell.xib */,
				BF8C58CB2998E544002580FE /* CoursesCell.swift */,
				BF8C58CC2998E544002580FE /* CoursesCell.xib */,
				BF8C58D12998F9BD002580FE /* SendCell.swift */,
				BF8C58D22998F9BD002580FE /* SendCell.xib */,
			);
			path = Cells;
			sourceTree = "<group>";
		};
		BF9DB653299578E400D5F7C2 = {
			isa = PBXGroup;
			children = (
				BF9DB65E299578E400D5F7C2 /* Feb2023Project */,
				BF9DB65D299578E400D5F7C2 /* Products */,
			);
			sourceTree = "<group>";
		};
		BF9DB65D299578E400D5F7C2 /* Products */ = {
			isa = PBXGroup;
			children = (
				BF9DB65C299578E400D5F7C2 /* Feb2023Project.app */,
			);
			name = Products;
			sourceTree = "<group>";
		};
		BF9DB65E299578E400D5F7C2 /* Feb2023Project */ = {
			isa = PBXGroup;
			children = (
				BF9DB65F299578E400D5F7C2 /* AppDelegate.swift */,
				BF9DB661299578E400D5F7C2 /* SceneDelegate.swift */,
				BF7D4041299818E700F83B7D /* Model */,
				BF8A28892997A2B100EEC398 /* Controller */,
				BF8A288D2997AC0E00EEC398 /* View */,
				BF8A288B2997A4A200EEC398 /* Constants.swift */,
				BF9DB668299578E500D5F7C2 /* Assets.xcassets */,
				BF9DB66A299578E500D5F7C2 /* LaunchScreen.storyboard */,
				BF9DB66D299578E500D5F7C2 /* Info.plist */,
			);
			path = Feb2023Project;
			sourceTree = "<group>";
		};
/* End PBXGroup section */

/* Begin PBXNativeTarget section */
		BF9DB65B299578E400D5F7C2 /* Feb2023Project */ = {
			isa = PBXNativeTarget;
			buildConfigurationList = BF9DB670299578E500D5F7C2 /* Build configuration list for PBXNativeTarget "Feb2023Project" */;
			buildPhases = (
				BF9DB658299578E400D5F7C2 /* Sources */,
				BF9DB659299578E400D5F7C2 /* Frameworks */,
				BF9DB65A299578E400D5F7C2 /* Resources */,
			);
			buildRules = (
			);
			dependencies = (
			);
			name = Feb2023Project;
			productName = Feb2023Project;
			productReference = BF9DB65C299578E400D5F7C2 /* Feb2023Project.app */;
			productType = "com.apple.product-type.application";
		};
/* End PBXNativeTarget section */

/* Begin PBXProject section */
		BF9DB654299578E400D5F7C2 /* Project object */ = {
			isa = PBXProject;
			attributes = {
				BuildIndependentTargetsInParallel = 1;
				LastSwiftUpdateCheck = 1420;
				LastUpgradeCheck = 1420;
				TargetAttributes = {
					BF9DB65B299578E400D5F7C2 = {
						CreatedOnToolsVersion = 14.2;
					};
				};
			};
			buildConfigurationList = BF9DB657299578E400D5F7C2 /* Build configuration list for PBXProject "Feb2023Project" */;
			compatibilityVersion = "Xcode 14.0";
			developmentRegion = en;
			hasScannedForEncodings = 0;
			knownRegions = (
				en,
				Base,
			);
			mainGroup = BF9DB653299578E400D5F7C2;
			productRefGroup = BF9DB65D299578E400D5F7C2 /* Products */;
			projectDirPath = "";
			projectRoot = "";
			targets = (
				BF9DB65B299578E400D5F7C2 /* Feb2023Project */,
			);
		};
/* End PBXProject section */

/* Begin PBXResourcesBuildPhase section */
		BF9DB65A299578E400D5F7C2 /* Resources */ = {
			isa = PBXResourcesBuildPhase;
			buildActionMask = 2147483647;
			files = (
				BF8A28952997AEF400EEC398 /* HeaderCell.xib in Resources */,
				BF7D403A2997E4E500F83B7D /* ButtonsArrayCell.xib in Resources */,
				BF8A289A2997B2CA00EEC398 /* DescriptionCell.xib in Resources */,
				BF8C58D42998F9BD002580FE /* SendCell.xib in Resources */,
				BF9DB66C299578E500D5F7C2 /* LaunchScreen.storyboard in Resources */,
				BF8C58CE2998E544002580FE /* CoursesCell.xib in Resources */,
				BF7D403E2997F01900F83B7D /* ButtonCell.xib in Resources */,
				BF9DB669299578E500D5F7C2 /* Assets.xcassets in Resources */,
				BF9DB667299578E400D5F7C2 /* Main.storyboard in Resources */,
			);
			runOnlyForDeploymentPostprocessing = 0;
		};
/* End PBXResourcesBuildPhase section */

/* Begin PBXSourcesBuildPhase section */
		BF9DB658299578E400D5F7C2 /* Sources */ = {
			isa = PBXSourcesBuildPhase;
			buildActionMask = 2147483647;
			files = (
				BF9DB664299578E400D5F7C2 /* ViewController.swift in Sources */,
				BF8C58CD2998E544002580FE /* CoursesCell.swift in Sources */,
				BF7D403D2997F01900F83B7D /* ButtonCell.swift in Sources */,
				BF9DB6742995791700D5F7C2 /* TraineeViewController.swift in Sources */,
				BF7D40432998191200F83B7D /* Model.swift in Sources */,
				BF8A28992997B2CA00EEC398 /* DescriptionCell.swift in Sources */,
				BF9DB660299578E400D5F7C2 /* AppDelegate.swift in Sources */,
				BF8C58D02998F910002580FE /* SendButton.swift in Sources */,
				BF8A28942997AEF400EEC398 /* HeaderCell.swift in Sources */,
				BF8C58D32998F9BD002580FE /* SendCell.swift in Sources */,
				BF8A288C2997A4A200EEC398 /* Constants.swift in Sources */,
				BF7D40392997E4E500F83B7D /* ButtonsArrayCell.swift in Sources */,
				BF8A28882997877C00EEC398 /* TraineeVCDelegate.swift in Sources */,
				BF57622B29992B7A00E469A6 /* ActionButtonModel.swift in Sources */,
				BF9DB662299578E400D5F7C2 /* SceneDelegate.swift in Sources */,
				BF8A289C2997B6C900EEC398 /* ActionButton.swift in Sources */,
			);
			runOnlyForDeploymentPostprocessing = 0;
		};
/* End PBXSourcesBuildPhase section */

/* Begin PBXVariantGroup section */
		BF9DB665299578E400D5F7C2 /* Main.storyboard */ = {
			isa = PBXVariantGroup;
			children = (
				BF9DB666299578E400D5F7C2 /* Base */,
			);
			name = Main.storyboard;
			sourceTree = "<group>";
		};
		BF9DB66A299578E500D5F7C2 /* LaunchScreen.storyboard */ = {
			isa = PBXVariantGroup;
			children = (
				BF9DB66B299578E500D5F7C2 /* Base */,
			);
			name = LaunchScreen.storyboard;
			sourceTree = "<group>";
		};
/* End PBXVariantGroup section */

/* Begin XCBuildConfiguration section */
		BF9DB66E299578E500D5F7C2 /* Debug */ = {
			isa = XCBuildConfiguration;
			buildSettings = {
				ALWAYS_SEARCH_USER_PATHS = NO;
				CLANG_ANALYZER_NONNULL = YES;
				CLANG_ANALYZER_NUMBER_OBJECT_CONVERSION = YES_AGGRESSIVE;
				CLANG_CXX_LANGUAGE_STANDARD = "gnu++20";
				CLANG_ENABLE_MODULES = YES;
				CLANG_ENABLE_OBJC_ARC = YES;
				CLANG_ENABLE_OBJC_WEAK = YES;
				CLANG_WARN_BLOCK_CAPTURE_AUTORELEASING = YES;
				CLANG_WARN_BOOL_CONVERSION = YES;
				CLANG_WARN_COMMA = YES;
				CLANG_WARN_CONSTANT_CONVERSION = YES;
				CLANG_WARN_DEPRECATED_OBJC_IMPLEMENTATIONS = YES;
				CLANG_WARN_DIRECT_OBJC_ISA_USAGE = YES_ERROR;
				CLANG_WARN_DOCUMENTATION_COMMENTS = YES;
				CLANG_WARN_EMPTY_BODY = YES;
				CLANG_WARN_ENUM_CONVERSION = YES;
				CLANG_WARN_INFINITE_RECURSION = YES;
				CLANG_WARN_INT_CONVERSION = YES;
				CLANG_WARN_NON_LITERAL_NULL_CONVERSION = YES;
				CLANG_WARN_OBJC_IMPLICIT_RETAIN_SELF = YES;
				CLANG_WARN_OBJC_LITERAL_CONVERSION = YES;
				CLANG_WARN_OBJC_ROOT_CLASS = YES_ERROR;
				CLANG_WARN_QUOTED_INCLUDE_IN_FRAMEWORK_HEADER = YES;
				CLANG_WARN_RANGE_LOOP_ANALYSIS = YES;
				CLANG_WARN_STRICT_PROTOTYPES = YES;
				CLANG_WARN_SUSPICIOUS_MOVE = YES;
				CLANG_WARN_UNGUARDED_AVAILABILITY = YES_AGGRESSIVE;
				CLANG_WARN_UNREACHABLE_CODE = YES;
				CLANG_WARN__DUPLICATE_METHOD_MATCH = YES;
				COPY_PHASE_STRIP = NO;
				DEBUG_INFORMATION_FORMAT = dwarf;
				ENABLE_STRICT_OBJC_MSGSEND = YES;
				ENABLE_TESTABILITY = YES;
				GCC_C_LANGUAGE_STANDARD = gnu11;
				GCC_DYNAMIC_NO_PIC = NO;
				GCC_NO_COMMON_BLOCKS = YES;
				GCC_OPTIMIZATION_LEVEL = 0;
				GCC_PREPROCESSOR_DEFINITIONS = (
					"DEBUG=1",
					"$(inherited)",
				);
				GCC_WARN_64_TO_32_BIT_CONVERSION = YES;
				GCC_WARN_ABOUT_RETURN_TYPE = YES_ERROR;
				GCC_WARN_UNDECLARED_SELECTOR = YES;
				GCC_WARN_UNINITIALIZED_AUTOS = YES_AGGRESSIVE;
				GCC_WARN_UNUSED_FUNCTION = YES;
				GCC_WARN_UNUSED_VARIABLE = YES;
				IPHONEOS_DEPLOYMENT_TARGET = 16.2;
				MTL_ENABLE_DEBUG_INFO = INCLUDE_SOURCE;
				MTL_FAST_MATH = YES;
				ONLY_ACTIVE_ARCH = YES;
				SDKROOT = iphoneos;
				SWIFT_ACTIVE_COMPILATION_CONDITIONS = DEBUG;
				SWIFT_OPTIMIZATION_LEVEL = "-Onone";
			};
			name = Debug;
		};
		BF9DB66F299578E500D5F7C2 /* Release */ = {
			isa = XCBuildConfiguration;
			buildSettings = {
				ALWAYS_SEARCH_USER_PATHS = NO;
				CLANG_ANALYZER_NONNULL = YES;
				CLANG_ANALYZER_NUMBER_OBJECT_CONVERSION = YES_AGGRESSIVE;
				CLANG_CXX_LANGUAGE_STANDARD = "gnu++20";
				CLANG_ENABLE_MODULES = YES;
				CLANG_ENABLE_OBJC_ARC = YES;
				CLANG_ENABLE_OBJC_WEAK = YES;
				CLANG_WARN_BLOCK_CAPTURE_AUTORELEASING = YES;
				CLANG_WARN_BOOL_CONVERSION = YES;
				CLANG_WARN_COMMA = YES;
				CLANG_WARN_CONSTANT_CONVERSION = YES;
				CLANG_WARN_DEPRECATED_OBJC_IMPLEMENTATIONS = YES;
				CLANG_WARN_DIRECT_OBJC_ISA_USAGE = YES_ERROR;
				CLANG_WARN_DOCUMENTATION_COMMENTS = YES;
				CLANG_WARN_EMPTY_BODY = YES;
				CLANG_WARN_ENUM_CONVERSION = YES;
				CLANG_WARN_INFINITE_RECURSION = YES;
				CLANG_WARN_INT_CONVERSION = YES;
				CLANG_WARN_NON_LITERAL_NULL_CONVERSION = YES;
				CLANG_WARN_OBJC_IMPLICIT_RETAIN_SELF = YES;
				CLANG_WARN_OBJC_LITERAL_CONVERSION = YES;
				CLANG_WARN_OBJC_ROOT_CLASS = YES_ERROR;
				CLANG_WARN_QUOTED_INCLUDE_IN_FRAMEWORK_HEADER = YES;
				CLANG_WARN_RANGE_LOOP_ANALYSIS = YES;
				CLANG_WARN_STRICT_PROTOTYPES = YES;
				CLANG_WARN_SUSPICIOUS_MOVE = YES;
				CLANG_WARN_UNGUARDED_AVAILABILITY = YES_AGGRESSIVE;
				CLANG_WARN_UNREACHABLE_CODE = YES;
				CLANG_WARN__DUPLICATE_METHOD_MATCH = YES;
				COPY_PHASE_STRIP = NO;
				DEBUG_INFORMATION_FORMAT = "dwarf-with-dsym";
				ENABLE_NS_ASSERTIONS = NO;
				ENABLE_STRICT_OBJC_MSGSEND = YES;
				GCC_C_LANGUAGE_STANDARD = gnu11;
				GCC_NO_COMMON_BLOCKS = YES;
				GCC_WARN_64_TO_32_BIT_CONVERSION = YES;
				GCC_WARN_ABOUT_RETURN_TYPE = YES_ERROR;
				GCC_WARN_UNDECLARED_SELECTOR = YES;
				GCC_WARN_UNINITIALIZED_AUTOS = YES_AGGRESSIVE;
				GCC_WARN_UNUSED_FUNCTION = YES;
				GCC_WARN_UNUSED_VARIABLE = YES;
				IPHONEOS_DEPLOYMENT_TARGET = 16.2;
				MTL_ENABLE_DEBUG_INFO = NO;
				MTL_FAST_MATH = YES;
				SDKROOT = iphoneos;
				SWIFT_COMPILATION_MODE = wholemodule;
				SWIFT_OPTIMIZATION_LEVEL = "-O";
				VALIDATE_PRODUCT = YES;
			};
			name = Release;
		};
		BF9DB671299578E500D5F7C2 /* Debug */ = {
			isa = XCBuildConfiguration;
			buildSettings = {
				ASSETCATALOG_COMPILER_APPICON_NAME = AppIcon;
				ASSETCATALOG_COMPILER_GLOBAL_ACCENT_COLOR_NAME = AccentColor;
				CODE_SIGN_STYLE = Automatic;
				CURRENT_PROJECT_VERSION = 1;
				DEVELOPMENT_TEAM = Z4DAU59V98;
				GENERATE_INFOPLIST_FILE = YES;
				INFOPLIST_FILE = Feb2023Project/Info.plist;
				INFOPLIST_KEY_UIApplicationSupportsIndirectInputEvents = YES;
				INFOPLIST_KEY_UILaunchStoryboardName = LaunchScreen;
				INFOPLIST_KEY_UIMainStoryboardFile = Main;
				INFOPLIST_KEY_UISupportedInterfaceOrientations_iPad = "UIInterfaceOrientationPortrait UIInterfaceOrientationPortraitUpsideDown UIInterfaceOrientationLandscapeLeft UIInterfaceOrientationLandscapeRight";
				INFOPLIST_KEY_UISupportedInterfaceOrientations_iPhone = "UIInterfaceOrientationPortrait UIInterfaceOrientationLandscapeLeft UIInterfaceOrientationLandscapeRight";
				LD_RUNPATH_SEARCH_PATHS = (
					"$(inherited)",
					"@executable_path/Frameworks",
				);
				MARKETING_VERSION = 1.0;
				PRODUCT_BUNDLE_IDENTIFIER = ua.advanc3d.Feb2023Project;
				PRODUCT_NAME = "$(TARGET_NAME)";
				SWIFT_EMIT_LOC_STRINGS = YES;
				SWIFT_VERSION = 5.0;
				TARGETED_DEVICE_FAMILY = "1,2";
			};
			name = Debug;
		};
		BF9DB672299578E500D5F7C2 /* Release */ = {
			isa = XCBuildConfiguration;
			buildSettings = {
				ASSETCATALOG_COMPILER_APPICON_NAME = AppIcon;
				ASSETCATALOG_COMPILER_GLOBAL_ACCENT_COLOR_NAME = AccentColor;
				CODE_SIGN_STYLE = Automatic;
				CURRENT_PROJECT_VERSION = 1;
				DEVELOPMENT_TEAM = Z4DAU59V98;
				GENERATE_INFOPLIST_FILE = YES;
				INFOPLIST_FILE = Feb2023Project/Info.plist;
				INFOPLIST_KEY_UIApplicationSupportsIndirectInputEvents = YES;
				INFOPLIST_KEY_UILaunchStoryboardName = LaunchScreen;
				INFOPLIST_KEY_UIMainStoryboardFile = Main;
				INFOPLIST_KEY_UISupportedInterfaceOrientations_iPad = "UIInterfaceOrientationPortrait UIInterfaceOrientationPortraitUpsideDown UIInterfaceOrientationLandscapeLeft UIInterfaceOrientationLandscapeRight";
				INFOPLIST_KEY_UISupportedInterfaceOrientations_iPhone = "UIInterfaceOrientationPortrait UIInterfaceOrientationLandscapeLeft UIInterfaceOrientationLandscapeRight";
				LD_RUNPATH_SEARCH_PATHS = (
					"$(inherited)",
					"@executable_path/Frameworks",
				);
				MARKETING_VERSION = 1.0;
				PRODUCT_BUNDLE_IDENTIFIER = ua.advanc3d.Feb2023Project;
				PRODUCT_NAME = "$(TARGET_NAME)";
				SWIFT_EMIT_LOC_STRINGS = YES;
				SWIFT_VERSION = 5.0;
				TARGETED_DEVICE_FAMILY = "1,2";
			};
			name = Release;
		};
/* End XCBuildConfiguration section */

/* Begin XCConfigurationList section */
		BF9DB657299578E400D5F7C2 /* Build configuration list for PBXProject "Feb2023Project" */ = {
			isa = XCConfigurationList;
			buildConfigurations = (
				BF9DB66E299578E500D5F7C2 /* Debug */,
				BF9DB66F299578E500D5F7C2 /* Release */,
			);
			defaultConfigurationIsVisible = 0;
			defaultConfigurationName = Release;
		};
		BF9DB670299578E500D5F7C2 /* Build configuration list for PBXNativeTarget "Feb2023Project" */ = {
			isa = XCConfigurationList;
			buildConfigurations = (
				BF9DB671299578E500D5F7C2 /* Debug */,
				BF9DB672299578E500D5F7C2 /* Release */,
			);
			defaultConfigurationIsVisible = 0;
			defaultConfigurationName = Release;
		};
/* End XCConfigurationList section */
	};
	rootObject = BF9DB654299578E400D5F7C2 /* Project object */;
}
